// !$*UTF8*$!
{
	archiveVersion = 1;
	classes = {
	};
	objectVersion = 56;
	objects = {

/* Begin PBXBuildFile section */
		C3045EEE2A6A708700A028D8 /* DirectoryCopyApp.swift in Sources */ = {isa = PBXBuildFile; fileRef = C3045EED2A6A708700A028D8 /* DirectoryCopyApp.swift */; };
		C3045EF02A6A708700A028D8 /* ContentView.swift in Sources */ = {isa = PBXBuildFile; fileRef = C3045EEF2A6A708700A028D8 /* ContentView.swift */; };
		C3045EF22A6A708800A028D8 /* Assets.xcassets in Resources */ = {isa = PBXBuildFile; fileRef = C3045EF12A6A708800A028D8 /* Assets.xcassets */; };
		C3045EF52A6A708800A028D8 /* Preview Assets.xcassets in Resources */ = {isa = PBXBuildFile; fileRef = C3045EF42A6A708800A028D8 /* Preview Assets.xcassets */; };
		C35288792A6BE21D001B3BEB /* ContentCheckMethod.swift in Sources */ = {isa = PBXBuildFile; fileRef = C35288782A6BE21D001B3BEB /* ContentCheckMethod.swift */; };
		C352887D2A6C2E7C001B3BEB /* Localizable.strings in Resources */ = {isa = PBXBuildFile; fileRef = C352887F2A6C2E7C001B3BEB /* Localizable.strings */; };
		C3624BBC2A6D174C0081933C /* SettingsSave.swift in Sources */ = {isa = PBXBuildFile; fileRef = C3624BBB2A6D174C0081933C /* SettingsSave.swift */; };
		C3D28F032A6C4D91007176F0 /* Extensions.swift in Sources */ = {isa = PBXBuildFile; fileRef = C3D28F022A6C4D91007176F0 /* Extensions.swift */; };
		C3D28F052A6C4E11007176F0 /* FilePickerView.swift in Sources */ = {isa = PBXBuildFile; fileRef = C3D28F042A6C4E11007176F0 /* FilePickerView.swift */; };
		C3D28F072A6C57FB007176F0 /* OptionsView.swift in Sources */ = {isa = PBXBuildFile; fileRef = C3D28F062A6C57FB007176F0 /* OptionsView.swift */; };
		C3D28F0A2A6C5936007176F0 /* SynchronizeButtonView.swift in Sources */ = {isa = PBXBuildFile; fileRef = C3D28F092A6C5936007176F0 /* SynchronizeButtonView.swift */; };
		C3D28F0C2A6C5AA6007176F0 /* DirectorySynchronizer.swift in Sources */ = {isa = PBXBuildFile; fileRef = C3D28F0B2A6C5AA6007176F0 /* DirectorySynchronizer.swift */; };
/* End PBXBuildFile section */

/* Begin PBXFileReference section */
		C3045EEA2A6A708700A028D8 /* DirectoryCopy.app */ = {isa = PBXFileReference; explicitFileType = wrapper.application; includeInIndex = 0; path = DirectoryCopy.app; sourceTree = BUILT_PRODUCTS_DIR; };
		C3045EED2A6A708700A028D8 /* DirectoryCopyApp.swift */ = {isa = PBXFileReference; lastKnownFileType = sourcecode.swift; path = DirectoryCopyApp.swift; sourceTree = "<group>"; };
		C3045EEF2A6A708700A028D8 /* ContentView.swift */ = {isa = PBXFileReference; lastKnownFileType = sourcecode.swift; path = ContentView.swift; sourceTree = "<group>"; };
		C3045EF12A6A708800A028D8 /* Assets.xcassets */ = {isa = PBXFileReference; lastKnownFileType = folder.assetcatalog; path = Assets.xcassets; sourceTree = "<group>"; };
		C3045EF42A6A708800A028D8 /* Preview Assets.xcassets */ = {isa = PBXFileReference; lastKnownFileType = folder.assetcatalog; path = "Preview Assets.xcassets"; sourceTree = "<group>"; };
		C3045EF62A6A708800A028D8 /* DirectoryCopy.entitlements */ = {isa = PBXFileReference; lastKnownFileType = text.plist.entitlements; path = DirectoryCopy.entitlements; sourceTree = "<group>"; };
		C35288782A6BE21D001B3BEB /* ContentCheckMethod.swift */ = {isa = PBXFileReference; lastKnownFileType = sourcecode.swift; path = ContentCheckMethod.swift; sourceTree = "<group>"; };
		C352887A2A6C2D79001B3BEB /* Info.plist */ = {isa = PBXFileReference; lastKnownFileType = text.plist; path = Info.plist; sourceTree = "<group>"; };
		C352887E2A6C2E7C001B3BEB /* en */ = {isa = PBXFileReference; lastKnownFileType = text.plist.strings; name = en; path = en.lproj/Localizable.strings; sourceTree = "<group>"; };
		C3624BBB2A6D174C0081933C /* SettingsSave.swift */ = {isa = PBXFileReference; lastKnownFileType = sourcecode.swift; path = SettingsSave.swift; sourceTree = "<group>"; };
		C3D28EFB2A6C3D25007176F0 /* fr */ = {isa = PBXFileReference; lastKnownFileType = text.plist.strings; name = fr; path = fr.lproj/Localizable.strings; sourceTree = "<group>"; };
		C3D28EFC2A6C3D32007176F0 /* es */ = {isa = PBXFileReference; lastKnownFileType = text.plist.strings; name = es; path = es.lproj/Localizable.strings; sourceTree = "<group>"; };
		C3D28EFD2A6C3D53007176F0 /* de */ = {isa = PBXFileReference; lastKnownFileType = text.plist.strings; name = de; path = de.lproj/Localizable.strings; sourceTree = "<group>"; };
		C3D28EFE2A6C4817007176F0 /* it */ = {isa = PBXFileReference; lastKnownFileType = text.plist.strings; name = it; path = it.lproj/Localizable.strings; sourceTree = "<group>"; };
		C3D28EFF2A6C483B007176F0 /* ar */ = {isa = PBXFileReference; lastKnownFileType = text.plist.strings; name = ar; path = ar.lproj/Localizable.strings; sourceTree = "<group>"; };
		C3D28F002A6C486C007176F0 /* zh-Hans */ = {isa = PBXFileReference; lastKnownFileType = text.plist.strings; name = "zh-Hans"; path = "zh-Hans.lproj/Localizable.strings"; sourceTree = "<group>"; };
		C3D28F022A6C4D91007176F0 /* Extensions.swift */ = {isa = PBXFileReference; lastKnownFileType = sourcecode.swift; path = Extensions.swift; sourceTree = "<group>"; };
		C3D28F042A6C4E11007176F0 /* FilePickerView.swift */ = {isa = PBXFileReference; lastKnownFileType = sourcecode.swift; path = FilePickerView.swift; sourceTree = "<group>"; };
		C3D28F062A6C57FB007176F0 /* OptionsView.swift */ = {isa = PBXFileReference; lastKnownFileType = sourcecode.swift; path = OptionsView.swift; sourceTree = "<group>"; };
		C3D28F092A6C5936007176F0 /* SynchronizeButtonView.swift */ = {isa = PBXFileReference; lastKnownFileType = sourcecode.swift; path = SynchronizeButtonView.swift; sourceTree = "<group>"; };
		C3D28F0B2A6C5AA6007176F0 /* DirectorySynchronizer.swift */ = {isa = PBXFileReference; lastKnownFileType = sourcecode.swift; path = DirectorySynchronizer.swift; sourceTree = "<group>"; };
/* End PBXFileReference section */

/* Begin PBXFrameworksBuildPhase section */
		C3045EE72A6A708700A028D8 /* Frameworks */ = {
			isa = PBXFrameworksBuildPhase;
			buildActionMask = 2147483647;
			files = (
			);
			runOnlyForDeploymentPostprocessing = 0;
		};
/* End PBXFrameworksBuildPhase section */

/* Begin PBXGroup section */
		C3045EE12A6A708700A028D8 = {
			isa = PBXGroup;
			children = (
				C3045EEC2A6A708700A028D8 /* DirectoryCopy */,
				C3045EEB2A6A708700A028D8 /* Products */,
			);
			sourceTree = "<group>";
		};
		C3045EEB2A6A708700A028D8 /* Products */ = {
			isa = PBXGroup;
			children = (
				C3045EEA2A6A708700A028D8 /* DirectoryCopy.app */,
			);
			name = Products;
			sourceTree = "<group>";
		};
		C3045EEC2A6A708700A028D8 /* DirectoryCopy */ = {
			isa = PBXGroup;
			children = (
				C3D28F082A6C58FD007176F0 /* Views */,
				C3BAD1132A6C3BC5008C8AF5 /* Translations */,
				C352887A2A6C2D79001B3BEB /* Info.plist */,
				C3045EED2A6A708700A028D8 /* DirectoryCopyApp.swift */,
				C3045EEF2A6A708700A028D8 /* ContentView.swift */,
				C3045EF12A6A708800A028D8 /* Assets.xcassets */,
				C3045EF62A6A708800A028D8 /* DirectoryCopy.entitlements */,
				C3045EF32A6A708800A028D8 /* Preview Content */,
				C35288782A6BE21D001B3BEB /* ContentCheckMethod.swift */,
				C3D28F022A6C4D91007176F0 /* Extensions.swift */,
				C3D28F0B2A6C5AA6007176F0 /* DirectorySynchronizer.swift */,
				C3624BBB2A6D174C0081933C /* SettingsSave.swift */,
			);
			path = DirectoryCopy;
			sourceTree = "<group>";
		};
		C3045EF32A6A708800A028D8 /* Preview Content */ = {
			isa = PBXGroup;
			children = (
				C3045EF42A6A708800A028D8 /* Preview Assets.xcassets */,
			);
			path = "Preview Content";
			sourceTree = "<group>";
		};
		C3BAD1132A6C3BC5008C8AF5 /* Translations */ = {
			isa = PBXGroup;
			children = (
				C352887F2A6C2E7C001B3BEB /* Localizable.strings */,
			);
			path = Translations;
			sourceTree = "<group>";
		};
		C3D28F082A6C58FD007176F0 /* Views */ = {
			isa = PBXGroup;
			children = (
				C3D28F042A6C4E11007176F0 /* FilePickerView.swift */,
				C3D28F062A6C57FB007176F0 /* OptionsView.swift */,
				C3D28F092A6C5936007176F0 /* SynchronizeButtonView.swift */,
			);
			path = Views;
			sourceTree = "<group>";
		};
/* End PBXGroup section */

/* Begin PBXNativeTarget section */
		C3045EE92A6A708700A028D8 /* DirectoryCopy */ = {
			isa = PBXNativeTarget;
			buildConfigurationList = C3045EF92A6A708800A028D8 /* Build configuration list for PBXNativeTarget "DirectoryCopy" */;
			buildPhases = (
				C3045EE62A6A708700A028D8 /* Sources */,
				C3045EE72A6A708700A028D8 /* Frameworks */,
				C3045EE82A6A708700A028D8 /* Resources */,
			);
			buildRules = (
			);
			dependencies = (
			);
			name = DirectoryCopy;
			productName = DirectoryCopy;
			productReference = C3045EEA2A6A708700A028D8 /* DirectoryCopy.app */;
			productType = "com.apple.product-type.application";
		};
/* End PBXNativeTarget section */

/* Begin PBXProject section */
		C3045EE22A6A708700A028D8 /* Project object */ = {
			isa = PBXProject;
			attributes = {
				BuildIndependentTargetsInParallel = 1;
				LastSwiftUpdateCheck = 1430;
				LastUpgradeCheck = 1430;
				TargetAttributes = {
					C3045EE92A6A708700A028D8 = {
						CreatedOnToolsVersion = 14.3.1;
					};
				};
			};
			buildConfigurationList = C3045EE52A6A708700A028D8 /* Build configuration list for PBXProject "DirectoryCopy" */;
			compatibilityVersion = "Xcode 14.0";
			developmentRegion = en;
			hasScannedForEncodings = 0;
			knownRegions = (
				en,
				Base,
				de,
				fr,
				es,
				it,
				ar,
				"zh-Hans",
			);
			mainGroup = C3045EE12A6A708700A028D8;
			productRefGroup = C3045EEB2A6A708700A028D8 /* Products */;
			projectDirPath = "";
			projectRoot = "";
			targets = (
				C3045EE92A6A708700A028D8 /* DirectoryCopy */,
			);
		};
/* End PBXProject section */

/* Begin PBXResourcesBuildPhase section */
		C3045EE82A6A708700A028D8 /* Resources */ = {
			isa = PBXResourcesBuildPhase;
			buildActionMask = 2147483647;
			files = (
				C3045EF52A6A708800A028D8 /* Preview Assets.xcassets in Resources */,
				C352887D2A6C2E7C001B3BEB /* Localizable.strings in Resources */,
				C3045EF22A6A708800A028D8 /* Assets.xcassets in Resources */,
			);
			runOnlyForDeploymentPostprocessing = 0;
		};
/* End PBXResourcesBuildPhase section */

/* Begin PBXSourcesBuildPhase section */
		C3045EE62A6A708700A028D8 /* Sources */ = {
			isa = PBXSourcesBuildPhase;
			buildActionMask = 2147483647;
			files = (
				C3045EF02A6A708700A028D8 /* ContentView.swift in Sources */,
				C3D28F0C2A6C5AA6007176F0 /* DirectorySynchronizer.swift in Sources */,
				C35288792A6BE21D001B3BEB /* ContentCheckMethod.swift in Sources */,
				C3D28F052A6C4E11007176F0 /* FilePickerView.swift in Sources */,
				C3D28F072A6C57FB007176F0 /* OptionsView.swift in Sources */,
				C3624BBC2A6D174C0081933C /* SettingsSave.swift in Sources */,
				C3045EEE2A6A708700A028D8 /* DirectoryCopyApp.swift in Sources */,
				C3D28F0A2A6C5936007176F0 /* SynchronizeButtonView.swift in Sources */,
				C3D28F032A6C4D91007176F0 /* Extensions.swift in Sources */,
			);
			runOnlyForDeploymentPostprocessing = 0;
		};
/* End PBXSourcesBuildPhase section */

/* Begin PBXVariantGroup section */
		C352887F2A6C2E7C001B3BEB /* Localizable.strings */ = {
			isa = PBXVariantGroup;
			children = (
				C352887E2A6C2E7C001B3BEB /* en */,
				C3D28EFB2A6C3D25007176F0 /* fr */,
				C3D28EFC2A6C3D32007176F0 /* es */,
				C3D28EFD2A6C3D53007176F0 /* de */,
				C3D28EFE2A6C4817007176F0 /* it */,
				C3D28EFF2A6C483B007176F0 /* ar */,
				C3D28F002A6C486C007176F0 /* zh-Hans */,
			);
			name = Localizable.strings;
			sourceTree = "<group>";
		};
/* End PBXVariantGroup section */

/* Begin XCBuildConfiguration section */
		C3045EF72A6A708800A028D8 /* Debug */ = {
			isa = XCBuildConfiguration;
			buildSettings = {
				ALWAYS_SEARCH_USER_PATHS = NO;
				CLANG_ANALYZER_NONNULL = YES;
				CLANG_ANALYZER_NUMBER_OBJECT_CONVERSION = YES_AGGRESSIVE;
				CLANG_CXX_LANGUAGE_STANDARD = "gnu++20";
				CLANG_ENABLE_MODULES = YES;
				CLANG_ENABLE_OBJC_ARC = YES;
				CLANG_ENABLE_OBJC_WEAK = YES;
				CLANG_WARN_BLOCK_CAPTURE_AUTORELEASING = YES;
				CLANG_WARN_BOOL_CONVERSION = YES;
				CLANG_WARN_COMMA = YES;
				CLANG_WARN_CONSTANT_CONVERSION = YES;
				CLANG_WARN_DEPRECATED_OBJC_IMPLEMENTATIONS = YES;
				CLANG_WARN_DIRECT_OBJC_ISA_USAGE = YES_ERROR;
				CLANG_WARN_DOCUMENTATION_COMMENTS = YES;
				CLANG_WARN_EMPTY_BODY = YES;
				CLANG_WARN_ENUM_CONVERSION = YES;
				CLANG_WARN_INFINITE_RECURSION = YES;
				CLANG_WARN_INT_CONVERSION = YES;
				CLANG_WARN_NON_LITERAL_NULL_CONVERSION = YES;
				CLANG_WARN_OBJC_IMPLICIT_RETAIN_SELF = YES;
				CLANG_WARN_OBJC_LITERAL_CONVERSION = YES;
				CLANG_WARN_OBJC_ROOT_CLASS = YES_ERROR;
				CLANG_WARN_QUOTED_INCLUDE_IN_FRAMEWORK_HEADER = YES;
				CLANG_WARN_RANGE_LOOP_ANALYSIS = YES;
				CLANG_WARN_STRICT_PROTOTYPES = YES;
				CLANG_WARN_SUSPICIOUS_MOVE = YES;
				CLANG_WARN_UNGUARDED_AVAILABILITY = YES_AGGRESSIVE;
				CLANG_WARN_UNREACHABLE_CODE = YES;
				CLANG_WARN__DUPLICATE_METHOD_MATCH = YES;
				COPY_PHASE_STRIP = NO;
				DEBUG_INFORMATION_FORMAT = dwarf;
				ENABLE_STRICT_OBJC_MSGSEND = YES;
				ENABLE_TESTABILITY = YES;
				GCC_C_LANGUAGE_STANDARD = gnu11;
				GCC_DYNAMIC_NO_PIC = NO;
				GCC_NO_COMMON_BLOCKS = YES;
				GCC_OPTIMIZATION_LEVEL = 0;
				GCC_PREPROCESSOR_DEFINITIONS = (
					"DEBUG=1",
					"$(inherited)",
				);
				GCC_WARN_64_TO_32_BIT_CONVERSION = YES;
				GCC_WARN_ABOUT_RETURN_TYPE = YES_ERROR;
				GCC_WARN_UNDECLARED_SELECTOR = YES;
				GCC_WARN_UNINITIALIZED_AUTOS = YES_AGGRESSIVE;
				GCC_WARN_UNUSED_FUNCTION = YES;
				GCC_WARN_UNUSED_VARIABLE = YES;
				MACOSX_DEPLOYMENT_TARGET = 13.3;
				MTL_ENABLE_DEBUG_INFO = INCLUDE_SOURCE;
				MTL_FAST_MATH = YES;
				ONLY_ACTIVE_ARCH = YES;
				SDKROOT = macosx;
				SWIFT_ACTIVE_COMPILATION_CONDITIONS = DEBUG;
				SWIFT_OPTIMIZATION_LEVEL = "-Onone";
			};
			name = Debug;
		};
		C3045EF82A6A708800A028D8 /* Release */ = {
			isa = XCBuildConfiguration;
			buildSettings = {
				ALWAYS_SEARCH_USER_PATHS = NO;
				CLANG_ANALYZER_NONNULL = YES;
				CLANG_ANALYZER_NUMBER_OBJECT_CONVERSION = YES_AGGRESSIVE;
				CLANG_CXX_LANGUAGE_STANDARD = "gnu++20";
				CLANG_ENABLE_MODULES = YES;
				CLANG_ENABLE_OBJC_ARC = YES;
				CLANG_ENABLE_OBJC_WEAK = YES;
				CLANG_WARN_BLOCK_CAPTURE_AUTORELEASING = YES;
				CLANG_WARN_BOOL_CONVERSION = YES;
				CLANG_WARN_COMMA = YES;
				CLANG_WARN_CONSTANT_CONVERSION = YES;
				CLANG_WARN_DEPRECATED_OBJC_IMPLEMENTATIONS = YES;
				CLANG_WARN_DIRECT_OBJC_ISA_USAGE = YES_ERROR;
				CLANG_WARN_DOCUMENTATION_COMMENTS = YES;
				CLANG_WARN_EMPTY_BODY = YES;
				CLANG_WARN_ENUM_CONVERSION = YES;
				CLANG_WARN_INFINITE_RECURSION = YES;
				CLANG_WARN_INT_CONVERSION = YES;
				CLANG_WARN_NON_LITERAL_NULL_CONVERSION = YES;
				CLANG_WARN_OBJC_IMPLICIT_RETAIN_SELF = YES;
				CLANG_WARN_OBJC_LITERAL_CONVERSION = YES;
				CLANG_WARN_OBJC_ROOT_CLASS = YES_ERROR;
				CLANG_WARN_QUOTED_INCLUDE_IN_FRAMEWORK_HEADER = YES;
				CLANG_WARN_RANGE_LOOP_ANALYSIS = YES;
				CLANG_WARN_STRICT_PROTOTYPES = YES;
				CLANG_WARN_SUSPICIOUS_MOVE = YES;
				CLANG_WARN_UNGUARDED_AVAILABILITY = YES_AGGRESSIVE;
				CLANG_WARN_UNREACHABLE_CODE = YES;
				CLANG_WARN__DUPLICATE_METHOD_MATCH = YES;
				COPY_PHASE_STRIP = NO;
				DEBUG_INFORMATION_FORMAT = "dwarf-with-dsym";
				ENABLE_NS_ASSERTIONS = NO;
				ENABLE_STRICT_OBJC_MSGSEND = YES;
				GCC_C_LANGUAGE_STANDARD = gnu11;
				GCC_NO_COMMON_BLOCKS = YES;
				GCC_WARN_64_TO_32_BIT_CONVERSION = YES;
				GCC_WARN_ABOUT_RETURN_TYPE = YES_ERROR;
				GCC_WARN_UNDECLARED_SELECTOR = YES;
				GCC_WARN_UNINITIALIZED_AUTOS = YES_AGGRESSIVE;
				GCC_WARN_UNUSED_FUNCTION = YES;
				GCC_WARN_UNUSED_VARIABLE = YES;
				MACOSX_DEPLOYMENT_TARGET = 13.3;
				MTL_ENABLE_DEBUG_INFO = NO;
				MTL_FAST_MATH = YES;
				SDKROOT = macosx;
				SWIFT_COMPILATION_MODE = wholemodule;
				SWIFT_OPTIMIZATION_LEVEL = "-O";
			};
			name = Release;
		};
		C3045EFA2A6A708800A028D8 /* Debug */ = {
			isa = XCBuildConfiguration;
			buildSettings = {
				ASSETCATALOG_COMPILER_APPICON_NAME = AppIcon;
				ASSETCATALOG_COMPILER_GLOBAL_ACCENT_COLOR_NAME = AccentColor;
				CODE_SIGN_ENTITLEMENTS = DirectoryCopy/DirectoryCopy.entitlements;
				CODE_SIGN_STYLE = Automatic;
				COMBINE_HIDPI_IMAGES = YES;
				CURRENT_PROJECT_VERSION = 1;
				DEVELOPMENT_ASSET_PATHS = "\"DirectoryCopy/Preview Content\"";
				DEVELOPMENT_TEAM = 74HAPR3V7J;
				ENABLE_HARDENED_RUNTIME = YES;
				ENABLE_PREVIEWS = YES;
				GENERATE_INFOPLIST_FILE = YES;
				INFOPLIST_FILE = DirectoryCopy/Info.plist;
				INFOPLIST_KEY_CFBundleDisplayName = "Verzeichnis Synchronisierer";
				INFOPLIST_KEY_LSApplicationCategoryType = "public.app-category.utilities";
				INFOPLIST_KEY_NSHumanReadableCopyright = "";
				LD_RUNPATH_SEARCH_PATHS = (
					"$(inherited)",
					"@executable_path/../Frameworks",
				);
				MACOSX_DEPLOYMENT_TARGET = 13.3;
				MARKETING_VERSION = 1.2;
				PRODUCT_BUNDLE_IDENTIFIER = de.coerdevelopment.DirectoryCopy;
				PRODUCT_NAME = "$(TARGET_NAME)";
				SWIFT_EMIT_LOC_STRINGS = YES;
				SWIFT_VERSION = 5.0;
			};
			name = Debug;
		};
		C3045EFB2A6A708800A028D8 /* Release */ = {
			isa = XCBuildConfiguration;
			buildSettings = {
				ASSETCATALOG_COMPILER_APPICON_NAME = AppIcon;
				ASSETCATALOG_COMPILER_GLOBAL_ACCENT_COLOR_NAME = AccentColor;
				CODE_SIGN_ENTITLEMENTS = DirectoryCopy/DirectoryCopy.entitlements;
				CODE_SIGN_STYLE = Automatic;
				COMBINE_HIDPI_IMAGES = YES;
				CURRENT_PROJECT_VERSION = 1;
				DEVELOPMENT_ASSET_PATHS = "\"DirectoryCopy/Preview Content\"";
				DEVELOPMENT_TEAM = 74HAPR3V7J;
				ENABLE_HARDENED_RUNTIME = YES;
				ENABLE_PREVIEWS = YES;
				GENERATE_INFOPLIST_FILE = YES;
				INFOPLIST_FILE = DirectoryCopy/Info.plist;
				INFOPLIST_KEY_CFBundleDisplayName = "Verzeichnis Synchronisierer";
				INFOPLIST_KEY_LSApplicationCategoryType = "public.app-category.utilities";
				INFOPLIST_KEY_NSHumanReadableCopyright = "";
				LD_RUNPATH_SEARCH_PATHS = (
					"$(inherited)",
					"@executable_path/../Frameworks",
				);
				MACOSX_DEPLOYMENT_TARGET = 13.3;
				MARKETING_VERSION = 1.2;
				PRODUCT_BUNDLE_IDENTIFIER = de.coerdevelopment.DirectoryCopy;
				PRODUCT_NAME = "$(TARGET_NAME)";
				SWIFT_EMIT_LOC_STRINGS = YES;
				SWIFT_VERSION = 5.0;
			};
			name = Release;
		};
/* End XCBuildConfiguration section */

/* Begin XCConfigurationList section */
		C3045EE52A6A708700A028D8 /* Build configuration list for PBXProject "DirectoryCopy" */ = {
			isa = XCConfigurationList;
			buildConfigurations = (
				C3045EF72A6A708800A028D8 /* Debug */,
				C3045EF82A6A708800A028D8 /* Release */,
			);
			defaultConfigurationIsVisible = 0;
			defaultConfigurationName = Release;
		};
		C3045EF92A6A708800A028D8 /* Build configuration list for PBXNativeTarget "DirectoryCopy" */ = {
			isa = XCConfigurationList;
			buildConfigurations = (
				C3045EFA2A6A708800A028D8 /* Debug */,
				C3045EFB2A6A708800A028D8 /* Release */,
			);
			defaultConfigurationIsVisible = 0;
			defaultConfigurationName = Release;
		};
/* End XCConfigurationList section */
	};
	rootObject = C3045EE22A6A708700A028D8 /* Project object */;
}
